
Microsoft Visual Studio Solution File, Format Version 12.00
# Visual Studio Version 17
VisualStudioVersion = 17.9.34728.123
MinimumVisualStudioVersion = 10.0.40219.1
Project("{9A19103F-16F7-4668-BE54-9A1E7A4F7556}") = "BeetleX.MQTT", "BeetleX.MQTT\BeetleX.MQTT.csproj", "{742E3962-9878-443D-BCD4-F7100FBA05C3}"
EndProject
Project("{9A19103F-16F7-4668-BE54-9A1E7A4F7556}") = "BeetleX.MQTT.Server", "BeetleX.MQTT.Server\BeetleX.MQTT.Server.csproj", "{E6715E23-AF7F-485C-AA4E-8DBB5D0B597C}"
EndProject
Project("{9A19103F-16F7-4668-BE54-9A1E7A4F7556}") = "BeetleX.MQTT.Server.ConsoleApp", "BeetleX.MQTT.Server.ConsoleApp\BeetleX.MQTT.Server.ConsoleApp.csproj", "{440C8D4F-0A9B-4750-95BC-6675A9540EF0}"
EndProject
Global
	GlobalSection(SolutionConfigurationPlatforms) = preSolution
		Debug|Any CPU = Debug|Any CPU
		Release|Any CPU = Release|Any CPU
	EndGlobalSection
	GlobalSection(ProjectConfigurationPlatforms) = postSolution
		{742E3962-9878-443D-BCD4-F7100FBA05C3}.Debug|Any CPU.ActiveCfg = Debug|Any CPU
		{742E3962-9878-443D-BCD4-F7100FBA05C3}.Debug|Any CPU.Build.0 = Debug|Any CPU
		{742E3962-9878-443D-BCD4-F7100FBA05C3}.Release|Any CPU.ActiveCfg = Release|Any CPU
		{742E3962-9878-443D-BCD4-F7100FBA05C3}.Release|Any CPU.Build.0 = Release|Any CPU
		{E6715E23-AF7F-485C-AA4E-8DBB5D0B597C}.Debug|Any CPU.ActiveCfg = Debug|Any CPU
		{E6715E23-AF7F-485C-AA4E-8DBB5D0B597C}.Debug|Any CPU.Build.0 = Debug|Any CPU
		{E6715E23-AF7F-485C-AA4E-8DBB5D0B597C}.Release|Any CPU.ActiveCfg = Release|Any CPU
		{E6715E23-AF7F-485C-AA4E-8DBB5D0B597C}.Release|Any CPU.Build.0 = Release|Any CPU
		{440C8D4F-0A9B-4750-95BC-6675A9540EF0}.Debug|Any CPU.ActiveCfg = Debug|Any CPU
		{440C8D4F-0A9B-4750-95BC-6675A9540EF0}.Debug|Any CPU.Build.0 = Debug|Any CPU
		{440C8D4F-0A9B-4750-95BC-6675A9540EF0}.Release|Any CPU.ActiveCfg = Release|Any CPU
		{440C8D4F-0A9B-4750-95BC-6675A9540EF0}.Release|Any CPU.Build.0 = Release|Any CPU
	EndGlobalSection
	GlobalSection(SolutionProperties) = preSolution
		HideSolutionNode = FALSE
	EndGlobalSection
	GlobalSection(ExtensibilityGlobals) = postSolution
		SolutionGuid = {E66074EB-E341-4D56-B129-A34FBEEABBE0}
	EndGlobalSection
EndGlobal
